
Microsoft Visual Studio Solution File, Format Version 11.00
# Visual Studio 2010
Project("{FAE04EC0-301F-11D3-BF4B-00C04F79EFBC}") = "Adf.ly Killer", "Adf.ly Killer\Adf.ly Killer.csproj", "{2F69925A-4A33-432D-818E-C5F83E9E4E75}"
EndProject
Global
	GlobalSection(SolutionConfigurationPlatforms) = preSolution
		Debug|x86 = Debug|x86
		Release|x86 = Release|x86
	EndGlobalSection
	GlobalSection(ProjectConfigurationPlatforms) = postSolution
		{2F69925A-4A33-432D-818E-C5F83E9E4E75}.Debug|x86.ActiveCfg = Debug|x86
		{2F69925A-4A33-432D-818E-C5F83E9E4E75}.Debug|x86.Build.0 = Debug|x86
		{2F69925A-4A33-432D-818E-C5F83E9E4E75}.Release|x86.ActiveCfg = Release|x86
		{2F69925A-4A33-432D-818E-C5F83E9E4E75}.Release|x86.Build.0 = Release|x86
	EndGlobalSection
	GlobalSection(SolutionProperties) = preSolution
		HideSolutionNode = FALSE
	EndGlobalSection
EndGlobal
